
Microsoft Visual Studio Solution File, Format Version 12.00
# Visual Studio 15
VisualStudioVersion = 15.0.28307.1972
MinimumVisualStudioVersion = 10.0.40219.1
Project("{FAE04EC0-301F-11D3-BF4B-00C04F79EFBC}") = "Mon_Suivi_Crypto", "Mon_Suivi_Crypto.csproj", "{3F96C1AA-84EE-4DD2-9265-89D0B2B151F2}"
EndProject
Global
	GlobalSection(SolutionConfigurationPlatforms) = preSolution
		Debug|Any CPU = Debug|Any CPU
		Release|Any CPU = Release|Any CPU
	EndGlobalSection
	GlobalSection(ProjectConfigurationPlatforms) = postSolution
		{3F96C1AA-84EE-4DD2-9265-89D0B2B151F2}.Debug|Any CPU.ActiveCfg = Debug|Any CPU
		{3F96C1AA-84EE-4DD2-9265-89D0B2B151F2}.Debug|Any CPU.Build.0 = Debug|Any CPU
		{3F96C1AA-84EE-4DD2-9265-89D0B2B151F2}.Release|Any CPU.ActiveCfg = Release|Any CPU
		{3F96C1AA-84EE-4DD2-9265-89D0B2B151F2}.Release|Any CPU.Build.0 = Release|Any CPU
	EndGlobalSection
	GlobalSection(SolutionProperties) = preSolution
		HideSolutionNode = FALSE
	EndGlobalSection
	GlobalSection(ExtensibilityGlobals) = postSolution
		SolutionGuid = {BD2191F5-1F97-467D-811A-0C20D71B3CCA}
	EndGlobalSection
EndGlobal
